
Microsoft Visual Studio Solution File, Format Version 12.00
# Visual Studio Version 16
VisualStudioVersion = 16.0.30413.136
MinimumVisualStudioVersion = 10.0.40219.1
Project("{2150E333-8FDC-42A3-9474-1A3956D46DE8}") = "src", "src", "{CADA0D30-16DE-4832-B69C-10BEEBDA432F}"
EndProject
Project("{2150E333-8FDC-42A3-9474-1A3956D46DE8}") = "test", "test", "{EB14CA1E-73CC-447E-96F6-514F505C1F5D}"
EndProject
Project("{9A19103F-16F7-4668-BE54-9A1E7A4F7556}") = "TauCode.CopperLisp", "src\TauCode.CopperLisp\TauCode.CopperLisp.csproj", "{2B2BB31E-80D7-4035-B22F-ABD655C54706}"
EndProject
Project("{9A19103F-16F7-4668-BE54-9A1E7A4F7556}") = "TauCode.CopperLisp.Tests", "test\TauCode.CopperLisp.Tests\TauCode.CopperLisp.Tests.csproj", "{3E341EEE-0979-40C1-8CAF-DDBC65613CE4}"
EndProject
Project("{2150E333-8FDC-42A3-9474-1A3956D46DE8}") = "nuget", "nuget", "{BB37EB24-EB36-446A-AFCF-6235D60C4CAC}"
	ProjectSection(SolutionItems) = preProject
		nuget\TauCode.CopperLisp.nuspec = nuget\TauCode.CopperLisp.nuspec
	EndProjectSection
EndProject
Project("{2150E333-8FDC-42A3-9474-1A3956D46DE8}") = "build", "build", "{66BE5565-AC0F-4CB9-9E47-C8D5E7E47F04}"
	ProjectSection(SolutionItems) = preProject
		build\azure-pipelines-dev.yml = build\azure-pipelines-dev.yml
		build\azure-pipelines.yml = build\azure-pipelines.yml
	EndProjectSection
EndProject
Global
	GlobalSection(SolutionConfigurationPlatforms) = preSolution
		Debug|Any CPU = Debug|Any CPU
		Release|Any CPU = Release|Any CPU
	EndGlobalSection
	GlobalSection(ProjectConfigurationPlatforms) = postSolution
		{2B2BB31E-80D7-4035-B22F-ABD655C54706}.Debug|Any CPU.ActiveCfg = Debug|Any CPU
		{2B2BB31E-80D7-4035-B22F-ABD655C54706}.Debug|Any CPU.Build.0 = Debug|Any CPU
		{2B2BB31E-80D7-4035-B22F-ABD655C54706}.Release|Any CPU.ActiveCfg = Release|Any CPU
		{2B2BB31E-80D7-4035-B22F-ABD655C54706}.Release|Any CPU.Build.0 = Release|Any CPU
		{3E341EEE-0979-40C1-8CAF-DDBC65613CE4}.Debug|Any CPU.ActiveCfg = Debug|Any CPU
		{3E341EEE-0979-40C1-8CAF-DDBC65613CE4}.Debug|Any CPU.Build.0 = Debug|Any CPU
		{3E341EEE-0979-40C1-8CAF-DDBC65613CE4}.Release|Any CPU.ActiveCfg = Release|Any CPU
		{3E341EEE-0979-40C1-8CAF-DDBC65613CE4}.Release|Any CPU.Build.0 = Release|Any CPU
	EndGlobalSection
	GlobalSection(SolutionProperties) = preSolution
		HideSolutionNode = FALSE
	EndGlobalSection
	GlobalSection(NestedProjects) = preSolution
		{2B2BB31E-80D7-4035-B22F-ABD655C54706} = {CADA0D30-16DE-4832-B69C-10BEEBDA432F}
		{3E341EEE-0979-40C1-8CAF-DDBC65613CE4} = {EB14CA1E-73CC-447E-96F6-514F505C1F5D}
	EndGlobalSection
	GlobalSection(ExtensibilityGlobals) = postSolution
		SolutionGuid = {FED24E4A-937F-4CA8-A6D3-B980545CCB8A}
	EndGlobalSection
EndGlobal
